
Microsoft Visual Studio Solution File, Format Version 12.00
# Visual Studio Version 17
VisualStudioVersion = 17.4.33205.214
MinimumVisualStudioVersion = 10.0.40219.1
Project("{FAE04EC0-301F-11D3-BF4B-00C04F79EFBC}") = "MultiChess", "MultiChess.csproj", "{4066E634-BFFC-438E-9957-CDC0937D5026}"
EndProject
Global
	GlobalSection(SolutionConfigurationPlatforms) = preSolution
		Debug|Any CPU = Debug|Any CPU
		Release|Any CPU = Release|Any CPU
	EndGlobalSection
	GlobalSection(ProjectConfigurationPlatforms) = postSolution
		{4066E634-BFFC-438E-9957-CDC0937D5026}.Debug|Any CPU.ActiveCfg = Debug|Any CPU
		{4066E634-BFFC-438E-9957-CDC0937D5026}.Debug|Any CPU.Build.0 = Debug|Any CPU
		{4066E634-BFFC-438E-9957-CDC0937D5026}.Release|Any CPU.ActiveCfg = Release|Any CPU
		{4066E634-BFFC-438E-9957-CDC0937D5026}.Release|Any CPU.Build.0 = Release|Any CPU
	EndGlobalSection
	GlobalSection(SolutionProperties) = preSolution
		HideSolutionNode = FALSE
	EndGlobalSection
	GlobalSection(ExtensibilityGlobals) = postSolution
		SolutionGuid = {C2AB5E50-D05B-47FC-AC40-9DEEA2FC1936}
	EndGlobalSection
EndGlobal
